// !$*UTF8*$!
{
	archiveVersion = 1;
	classes = {
	};
	objectVersion = 50;
	objects = {

/* Begin PBXBuildFile section */
		7AD9E7F924B1742600DAD658 /* AppDelegate.swift in Sources */ = {isa = PBXBuildFile; fileRef = 7AD9E7F824B1742600DAD658 /* AppDelegate.swift */; };
		7AD9E7FB24B1742600DAD658 /* SceneDelegate.swift in Sources */ = {isa = PBXBuildFile; fileRef = 7AD9E7FA24B1742600DAD658 /* SceneDelegate.swift */; };
		7AD9E7FD24B1742600DAD658 /* ViewController.swift in Sources */ = {isa = PBXBuildFile; fileRef = 7AD9E7FC24B1742600DAD658 /* ViewController.swift */; };
		7AD9E80024B1742600DAD658 /* Main.storyboard in Resources */ = {isa = PBXBuildFile; fileRef = 7AD9E7FE24B1742600DAD658 /* Main.storyboard */; };
		7AD9E80224B1742700DAD658 /* Assets.xcassets in Resources */ = {isa = PBXBuildFile; fileRef = 7AD9E80124B1742700DAD658 /* Assets.xcassets */; };
		7AD9E80524B1742700DAD658 /* LaunchScreen.storyboard in Resources */ = {isa = PBXBuildFile; fileRef = 7AD9E80324B1742700DAD658 /* LaunchScreen.storyboard */; };
/* End PBXBuildFile section */

/* Begin PBXFileReference section */
		7AD9E7F524B1742600DAD658 /* Ich Bin Poor.app */ = {isa = PBXFileReference; explicitFileType = wrapper.application; includeInIndex = 0; path = "Ich Bin Poor.app"; sourceTree = BUILT_PRODUCTS_DIR; };
		7AD9E7F824B1742600DAD658 /* AppDelegate.swift */ = {isa = PBXFileReference; lastKnownFileType = sourcecode.swift; path = AppDelegate.swift; sourceTree = "<group>"; };
		7AD9E7FA24B1742600DAD658 /* SceneDelegate.swift */ = {isa = PBXFileReference; lastKnownFileType = sourcecode.swift; path = SceneDelegate.swift; sourceTree = "<group>"; };
		7AD9E7FC24B1742600DAD658 /* ViewController.swift */ = {isa = PBXFileReference; lastKnownFileType = sourcecode.swift; path = ViewController.swift; sourceTree = "<group>"; };
		7AD9E7FF24B1742600DAD658 /* Base */ = {isa = PBXFileReference; lastKnownFileType = file.storyboard; name = Base; path = Base.lproj/Main.storyboard; sourceTree = "<group>"; };
		7AD9E80124B1742700DAD658 /* Assets.xcassets */ = {isa = PBXFileReference; lastKnownFileType = folder.assetcatalog; path = Assets.xcassets; sourceTree = "<group>"; };
		7AD9E80424B1742700DAD658 /* Base */ = {isa = PBXFileReference; lastKnownFileType = file.storyboard; name = Base; path = Base.lproj/LaunchScreen.storyboard; sourceTree = "<group>"; };
		7AD9E80624B1742700DAD658 /* Info.plist */ = {isa = PBXFileReference; lastKnownFileType = text.plist.xml; path = Info.plist; sourceTree = "<group>"; };
/* End PBXFileReference section */

/* Begin PBXFrameworksBuildPhase section */
		7AD9E7F224B1742500DAD658 /* Frameworks */ = {
			isa = PBXFrameworksBuildPhase;
			buildActionMask = 2147483647;
			files = (
			);
			runOnlyForDeploymentPostprocessing = 0;
		};
/* End PBXFrameworksBuildPhase section */

/* Begin PBXGroup section */
		7AD9E7EC24B1742500DAD658 = {
			isa = PBXGroup;
			children = (
				7AD9E7F724B1742600DAD658 /* Ich Bin Poor */,
				7AD9E7F624B1742600DAD658 /* Products */,
			);
			sourceTree = "<group>";
		};
		7AD9E7F624B1742600DAD658 /* Products */ = {
			isa = PBXGroup;
			children = (
				7AD9E7F524B1742600DAD658 /* Ich Bin Poor.app */,
			);
			name = Products;
			sourceTree = "<group>";
		};
		7AD9E7F724B1742600DAD658 /* Ich Bin Poor */ = {
			isa = PBXGroup;
			children = (
				7AD9E7F824B1742600DAD658 /* AppDelegate.swift */,
				7AD9E7FA24B1742600DAD658 /* SceneDelegate.swift */,
				7AD9E7FC24B1742600DAD658 /* ViewController.swift */,
				7AD9E7FE24B1742600DAD658 /* Main.storyboard */,
				7AD9E80124B1742700DAD658 /* Assets.xcassets */,
				7AD9E80324B1742700DAD658 /* LaunchScreen.storyboard */,
				7AD9E80624B1742700DAD658 /* Info.plist */,
			);
			path = "Ich Bin Poor";
			sourceTree = "<group>";
		};
/* End PBXGroup section */

/* Begin PBXNativeTarget section */
		7AD9E7F424B1742500DAD658 /* Ich Bin Poor */ = {
			isa = PBXNativeTarget;
			buildConfigurationList = 7AD9E80924B1742700DAD658 /* Build configuration list for PBXNativeTarget "Ich Bin Poor" */;
			buildPhases = (
				7AD9E7F124B1742500DAD658 /* Sources */,
				7AD9E7F224B1742500DAD658 /* Frameworks */,
				7AD9E7F324B1742500DAD658 /* Resources */,
			);
			buildRules = (
			);
			dependencies = (
			);
			name = "Ich Bin Poor";
			productName = "Ich Bin Poor";
			productReference = 7AD9E7F524B1742600DAD658 /* Ich Bin Poor.app */;
			productType = "com.apple.product-type.application";
		};
/* End PBXNativeTarget section */

/* Begin PBXProject section */
		7AD9E7ED24B1742500DAD658 /* Project object */ = {
			isa = PBXProject;
			attributes = {
				LastSwiftUpdateCheck = 1150;
				LastUpgradeCheck = 1150;
				ORGANIZATIONNAME = "Hudson Doerr";
				TargetAttributes = {
					7AD9E7F424B1742500DAD658 = {
						CreatedOnToolsVersion = 11.5;
					};
				};
			};
			buildConfigurationList = 7AD9E7F024B1742500DAD658 /* Build configuration list for PBXProject "Ich Bin Poor" */;
			compatibilityVersion = "Xcode 9.3";
			developmentRegion = en;
			hasScannedForEncodings = 0;
			knownRegions = (
				en,
				Base,
			);
			mainGroup = 7AD9E7EC24B1742500DAD658;
			productRefGroup = 7AD9E7F624B1742600DAD658 /* Products */;
			projectDirPath = "";
			projectRoot = "";
			targets = (
				7AD9E7F424B1742500DAD658 /* Ich Bin Poor */,
			);
		};
/* End PBXProject section */

/* Begin PBXResourcesBuildPhase section */
		7AD9E7F324B1742500DAD658 /* Resources */ = {
			isa = PBXResourcesBuildPhase;
			buildActionMask = 2147483647;
			files = (
				7AD9E80524B1742700DAD658 /* LaunchScreen.storyboard in Resources */,
				7AD9E80224B1742700DAD658 /* Assets.xcassets in Resources */,
				7AD9E80024B1742600DAD658 /* Main.storyboard in Resources */,
			);
			runOnlyForDeploymentPostprocessing = 0;
		};
/* End PBXResourcesBuildPhase section */

/* Begin PBXSourcesBuildPhase section */
		7AD9E7F124B1742500DAD658 /* Sources */ = {
			isa = PBXSourcesBuildPhase;
			buildActionMask = 2147483647;
			files = (
				7AD9E7FD24B1742600DAD658 /* ViewController.swift in Sources */,
				7AD9E7F924B1742600DAD658 /* AppDelegate.swift in Sources */,
				7AD9E7FB24B1742600DAD658 /* SceneDelegate.swift in Sources */,
			);
			runOnlyForDeploymentPostprocessing = 0;
		};
/* End PBXSourcesBuildPhase section */

/* Begin PBXVariantGroup section */
		7AD9E7FE24B1742600DAD658 /* Main.storyboard */ = {
			isa = PBXVariantGroup;
			children = (
				7AD9E7FF24B1742600DAD658 /* Base */,
			);
			name = Main.storyboard;
			sourceTree = "<group>";
		};
		7AD9E80324B1742700DAD658 /* LaunchScreen.storyboard */ = {
			isa = PBXVariantGroup;
			children = (
				7AD9E80424B1742700DAD658 /* Base */,
			);
			name = LaunchScreen.storyboard;
			sourceTree = "<group>";
		};
/* End PBXVariantGroup section */

/* Begin XCBuildConfiguration section */
		7AD9E80724B1742700DAD658 /* Debug */ = {
			isa = XCBuildConfiguration;
			buildSettings = {
				ALWAYS_SEARCH_USER_PATHS = NO;
				CLANG_ANALYZER_NONNULL = YES;
				CLANG_ANALYZER_NUMBER_OBJECT_CONVERSION = YES_AGGRESSIVE;
				CLANG_CXX_LANGUAGE_STANDARD = "gnu++14";
				CLANG_CXX_LIBRARY = "libc++";
				CLANG_ENABLE_MODULES = YES;
				CLANG_ENABLE_OBJC_ARC = YES;
				CLANG_ENABLE_OBJC_WEAK = YES;
				CLANG_WARN_BLOCK_CAPTURE_AUTORELEASING = YES;
				CLANG_WARN_BOOL_CONVERSION = YES;
				CLANG_WARN_COMMA = YES;
				CLANG_WARN_CONSTANT_CONVERSION = YES;
				CLANG_WARN_DEPRECATED_OBJC_IMPLEMENTATIONS = YES;
				CLANG_WARN_DIRECT_OBJC_ISA_USAGE = YES_ERROR;
				CLANG_WARN_DOCUMENTATION_COMMENTS = YES;
				CLANG_WARN_EMPTY_BODY = YES;
				CLANG_WARN_ENUM_CONVERSION = YES;
				CLANG_WARN_INFINITE_RECURSION = YES;
				CLANG_WARN_INT_CONVERSION = YES;
				CLANG_WARN_NON_LITERAL_NULL_CONVERSION = YES;
				CLANG_WARN_OBJC_IMPLICIT_RETAIN_SELF = YES;
				CLANG_WARN_OBJC_LITERAL_CONVERSION = YES;
				CLANG_WARN_OBJC_ROOT_CLASS = YES_ERROR;
				CLANG_WARN_RANGE_LOOP_ANALYSIS = YES;
				CLANG_WARN_STRICT_PROTOTYPES = YES;
				CLANG_WARN_SUSPICIOUS_MOVE = YES;
				CLANG_WARN_UNGUARDED_AVAILABILITY = YES_AGGRESSIVE;
				CLANG_WARN_UNREACHABLE_CODE = YES;
				CLANG_WARN__DUPLICATE_METHOD_MATCH = YES;
				COPY_PHASE_STRIP = NO;
				DEBUG_INFORMATION_FORMAT = dwarf;
				ENABLE_STRICT_OBJC_MSGSEND = YES;
				ENABLE_TESTABILITY = YES;
				GCC_C_LANGUAGE_STANDARD = gnu11;
				GCC_DYNAMIC_NO_PIC = NO;
				GCC_NO_COMMON_BLOCKS = YES;
				GCC_OPTIMIZATION_LEVEL = 0;
				GCC_PREPROCESSOR_DEFINITIONS = (
					"DEBUG=1",
					"$(inherited)",
				);
				GCC_WARN_64_TO_32_BIT_CONVERSION = YES;
				GCC_WARN_ABOUT_RETURN_TYPE = YES_ERROR;
				GCC_WARN_UNDECLARED_SELECTOR = YES;
				GCC_WARN_UNINITIALIZED_AUTOS = YES_AGGRESSIVE;
				GCC_WARN_UNUSED_FUNCTION = YES;
				GCC_WARN_UNUSED_VARIABLE = YES;
				IPHONEOS_DEPLOYMENT_TARGET = 13.5;
				MTL_ENABLE_DEBUG_INFO = INCLUDE_SOURCE;
				MTL_FAST_MATH = YES;
				ONLY_ACTIVE_ARCH = YES;
				SDKROOT = iphoneos;
				SWIFT_ACTIVE_COMPILATION_CONDITIONS = DEBUG;
				SWIFT_OPTIMIZATION_LEVEL = "-Onone";
			};
			name = Debug;
		};
		7AD9E80824B1742700DAD658 /* Release */ = {
			isa = XCBuildConfiguration;
			buildSettings = {
				ALWAYS_SEARCH_USER_PATHS = NO;
				CLANG_ANALYZER_NONNULL = YES;
				CLANG_ANALYZER_NUMBER_OBJECT_CONVERSION = YES_AGGRESSIVE;
				CLANG_CXX_LANGUAGE_STANDARD = "gnu++14";
				CLANG_CXX_LIBRARY = "libc++";
				CLANG_ENABLE_MODULES = YES;
				CLANG_ENABLE_OBJC_ARC = YES;
				CLANG_ENABLE_OBJC_WEAK = YES;
				CLANG_WARN_BLOCK_CAPTURE_AUTORELEASING = YES;
				CLANG_WARN_BOOL_CONVERSION = YES;
				CLANG_WARN_COMMA = YES;
				CLANG_WARN_CONSTANT_CONVERSION = YES;
				CLANG_WARN_DEPRECATED_OBJC_IMPLEMENTATIONS = YES;
				CLANG_WARN_DIRECT_OBJC_ISA_USAGE = YES_ERROR;
				CLANG_WARN_DOCUMENTATION_COMMENTS = YES;
				CLANG_WARN_EMPTY_BODY = YES;
				CLANG_WARN_ENUM_CONVERSION = YES;
				CLANG_WARN_INFINITE_RECURSION = YES;
				CLANG_WARN_INT_CONVERSION = YES;
				CLANG_WARN_NON_LITERAL_NULL_CONVERSION = YES;
				CLANG_WARN_OBJC_IMPLICIT_RETAIN_SELF = YES;
				CLANG_WARN_OBJC_LITERAL_CONVERSION = YES;
				CLANG_WARN_OBJC_ROOT_CLASS = YES_ERROR;
				CLANG_WARN_RANGE_LOOP_ANALYSIS = YES;
				CLANG_WARN_STRICT_PROTOTYPES = YES;
				CLANG_WARN_SUSPICIOUS_MOVE = YES;
				CLANG_WARN_UNGUARDED_AVAILABILITY = YES_AGGRESSIVE;
				CLANG_WARN_UNREACHABLE_CODE = YES;
				CLANG_WARN__DUPLICATE_METHOD_MATCH = YES;
				COPY_PHASE_STRIP = NO;
				DEBUG_INFORMATION_FORMAT = "dwarf-with-dsym";
				ENABLE_NS_ASSERTIONS = NO;
				ENABLE_STRICT_OBJC_MSGSEND = YES;
				GCC_C_LANGUAGE_STANDARD = gnu11;
				GCC_NO_COMMON_BLOCKS = YES;
				GCC_WARN_64_TO_32_BIT_CONVERSION = YES;
				GCC_WARN_ABOUT_RETURN_TYPE = YES_ERROR;
				GCC_WARN_UNDECLARED_SELECTOR = YES;
				GCC_WARN_UNINITIALIZED_AUTOS = YES_AGGRESSIVE;
				GCC_WARN_UNUSED_FUNCTION = YES;
				GCC_WARN_UNUSED_VARIABLE = YES;
				IPHONEOS_DEPLOYMENT_TARGET = 13.5;
				MTL_ENABLE_DEBUG_INFO = NO;
				MTL_FAST_MATH = YES;
				SDKROOT = iphoneos;
				SWIFT_COMPILATION_MODE = wholemodule;
				SWIFT_OPTIMIZATION_LEVEL = "-O";
				VALIDATE_PRODUCT = YES;
			};
			name = Release;
		};
		7AD9E80A24B1742700DAD658 /* Debug */ = {
			isa = XCBuildConfiguration;
			buildSettings = {
				ASSETCATALOG_COMPILER_APPICON_NAME = AppIcon;
				CODE_SIGN_STYLE = Automatic;
				DEVELOPMENT_TEAM = ZB78QC9WMR;
				INFOPLIST_FILE = "Ich Bin Poor/Info.plist";
				LD_RUNPATH_SEARCH_PATHS = (
					"$(inherited)",
					"@executable_path/Frameworks",
				);
				PRODUCT_BUNDLE_IDENTIFIER = "com.hdoerr.Ich-Bin-Poor";
				PRODUCT_NAME = "$(TARGET_NAME)";
				SWIFT_VERSION = 5.0;
				TARGETED_DEVICE_FAMILY = 1;
			};
			name = Debug;
		};
		7AD9E80B24B1742700DAD658 /* Release */ = {
			isa = XCBuildConfiguration;
			buildSettings = {
				ASSETCATALOG_COMPILER_APPICON_NAME = AppIcon;
				CODE_SIGN_STYLE = Automatic;
				DEVELOPMENT_TEAM = ZB78QC9WMR;
				INFOPLIST_FILE = "Ich Bin Poor/Info.plist";
				LD_RUNPATH_SEARCH_PATHS = (
					"$(inherited)",
					"@executable_path/Frameworks",
				);
				PRODUCT_BUNDLE_IDENTIFIER = "com.hdoerr.Ich-Bin-Poor";
				PRODUCT_NAME = "$(TARGET_NAME)";
				SWIFT_VERSION = 5.0;
				TARGETED_DEVICE_FAMILY = 1;
			};
			name = Release;
		};
/* End XCBuildConfiguration section */

/* Begin XCConfigurationList section */
		7AD9E7F024B1742500DAD658 /* Build configuration list for PBXProject "Ich Bin Poor" */ = {
			isa = XCConfigurationList;
			buildConfigurations = (
				7AD9E80724B1742700DAD658 /* Debug */,
				7AD9E80824B1742700DAD658 /* Release */,
			);
			defaultConfigurationIsVisible = 0;
			defaultConfigurationName = Release;
		};
		7AD9E80924B1742700DAD658 /* Build configuration list for PBXNativeTarget "Ich Bin Poor" */ = {
			isa = XCConfigurationList;
			buildConfigurations = (
				7AD9E80A24B1742700DAD658 /* Debug */,
				7AD9E80B24B1742700DAD658 /* Release */,
			);
			defaultConfigurationIsVisible = 0;
			defaultConfigurationName = Release;
		};
/* End XCConfigurationList section */
	};
	rootObject = 7AD9E7ED24B1742500DAD658 /* Project object */;
}
